
Microsoft Visual Studio Solution File, Format Version 12.00
# Visual Studio Version 17
VisualStudioVersion = 17.0.31825.309
MinimumVisualStudioVersion = 10.0.40219.1
Project("{FAE04EC0-301F-11D3-BF4B-00C04F79EFBC}") = "PrintBufferCon", "PrintBufferCon.csproj", "{2B8A9ED2-9CAE-48C5-B4C7-301ADC05829D}"
EndProject
Global
	GlobalSection(SolutionConfigurationPlatforms) = preSolution
		Debug|Any CPU = Debug|Any CPU
		Release|Any CPU = Release|Any CPU
	EndGlobalSection
	GlobalSection(ProjectConfigurationPlatforms) = postSolution
		{2B8A9ED2-9CAE-48C5-B4C7-301ADC05829D}.Debug|Any CPU.ActiveCfg = Debug|Any CPU
		{2B8A9ED2-9CAE-48C5-B4C7-301ADC05829D}.Debug|Any CPU.Build.0 = Debug|Any CPU
		{2B8A9ED2-9CAE-48C5-B4C7-301ADC05829D}.Release|Any CPU.ActiveCfg = Release|Any CPU
		{2B8A9ED2-9CAE-48C5-B4C7-301ADC05829D}.Release|Any CPU.Build.0 = Release|Any CPU
	EndGlobalSection
	GlobalSection(SolutionProperties) = preSolution
		HideSolutionNode = FALSE
	EndGlobalSection
	GlobalSection(ExtensibilityGlobals) = postSolution
		SolutionGuid = {9FB5C2B1-C43E-471C-A83F-50DB16EA64A9}
	EndGlobalSection
EndGlobal
